
Microsoft Visual Studio Solution File, Format Version 12.00
# Visual Studio Version 17
VisualStudioVersion = 17.3.32825.248
MinimumVisualStudioVersion = 10.0.40219.1
Project("{FAE04EC0-301F-11D3-BF4B-00C04F79EFBC}") = "DependencyInjector", "DependencyInjector\DependencyInjector.csproj", "{6C001B19-8C7D-4801-9B9C-559583A9D172}"
EndProject
Project("{FAE04EC0-301F-11D3-BF4B-00C04F79EFBC}") = "Tests", "Tests\Tests.csproj", "{6DD375DE-4BC3-4993-8FA0-40EA9B7BBAFB}"
EndProject
Global
	GlobalSection(SolutionConfigurationPlatforms) = preSolution
		Debug|Any CPU = Debug|Any CPU
		Release|Any CPU = Release|Any CPU
	EndGlobalSection
	GlobalSection(ProjectConfigurationPlatforms) = postSolution
		{6C001B19-8C7D-4801-9B9C-559583A9D172}.Debug|Any CPU.ActiveCfg = Debug|Any CPU
		{6C001B19-8C7D-4801-9B9C-559583A9D172}.Debug|Any CPU.Build.0 = Debug|Any CPU
		{6C001B19-8C7D-4801-9B9C-559583A9D172}.Release|Any CPU.ActiveCfg = Release|Any CPU
		{6C001B19-8C7D-4801-9B9C-559583A9D172}.Release|Any CPU.Build.0 = Release|Any CPU
		{6DD375DE-4BC3-4993-8FA0-40EA9B7BBAFB}.Debug|Any CPU.ActiveCfg = Debug|Any CPU
		{6DD375DE-4BC3-4993-8FA0-40EA9B7BBAFB}.Debug|Any CPU.Build.0 = Debug|Any CPU
		{6DD375DE-4BC3-4993-8FA0-40EA9B7BBAFB}.Release|Any CPU.ActiveCfg = Release|Any CPU
		{6DD375DE-4BC3-4993-8FA0-40EA9B7BBAFB}.Release|Any CPU.Build.0 = Release|Any CPU
	EndGlobalSection
	GlobalSection(SolutionProperties) = preSolution
		HideSolutionNode = FALSE
	EndGlobalSection
	GlobalSection(ExtensibilityGlobals) = postSolution
		SolutionGuid = {4B20AF7F-9CB7-4CFE-89ED-3A2540FFAD2B}
	EndGlobalSection
EndGlobal
